{
  "requires": true,
  "lockfileVersion": 1,
  "dependencies": {
    "@babel/runtime": {
      "version": "7.11.2",
      "resolved": "https://registry.npmjs.org/@babel/runtime/-/runtime-7.11.2.tgz",
      "integrity": "sha512-TeWkU52so0mPtDcaCTxNBI/IHiz0pZgr8VEFqXFtZWpYD08ZB6FaSwVAS8MKRQAP3bYKiVjwysOJgMFY28o6Tw==",
      "requires": {
        "regenerator-runtime": "^0.13.4"
      }
    },
    "@emotion/hash": {
      "version": "0.8.0",
      "resolved": "https://registry.npmjs.org/@emotion/hash/-/hash-0.8.0.tgz",
      "integrity": "sha512-kBJtf7PH6aWwZ6fka3zQ0p6SBYzx4fl1LoZXE2RrnYST9Xljm7WfKJrU4g/Xr3Beg72MLrp1AWNUmuYJTL7Cow=="
    },
    "@material-ui/core": {
      "version": "4.11.0",
      "resolved": "https://registry.npmjs.org/@material-ui/core/-/core-4.11.0.tgz",
      "integrity": "sha512-bYo9uIub8wGhZySHqLQ833zi4ZML+XCBE1XwJ8EuUVSpTWWG57Pm+YugQToJNFsEyiKFhPh8DPD0bgupz8n01g==",
      "requires": {
        "@babel/runtime": "^7.4.4",
        "@material-ui/styles": "^4.10.0",
        "@material-ui/system": "^4.9.14",
        "@material-ui/types": "^5.1.0",
        "@material-ui/utils": "^4.10.2",
        "@types/react-transition-group": "^4.2.0",
        "clsx": "^1.0.4",
        "hoist-non-react-statics": "^3.3.2",
        "popper.js": "1.16.1-lts",
        "prop-types": "^15.7.2",
        "react-is": "^16.8.0",
        "react-transition-group": "^4.4.0"
      }
    },
    "@material-ui/icons": {
      "version": "4.9.1",
      "resolved": "https://registry.npmjs.org/@material-ui/icons/-/icons-4.9.1.tgz",
      "integrity": "sha512-GBitL3oBWO0hzBhvA9KxqcowRUsA0qzwKkURyC8nppnC3fw54KPKZ+d4V1Eeg/UnDRSzDaI9nGCdel/eh9AQMg==",
      "requires": {
        "@babel/runtime": "^7.4.4"
      }
    },
    "@material-ui/lab": {
      "version": "4.0.0-alpha.56",
      "resolved": "https://registry.npmjs.org/@material-ui/lab/-/lab-4.0.0-alpha.56.tgz",
      "integrity": "sha512-xPlkK+z/6y/24ka4gVJgwPfoCF4RCh8dXb1BNE7MtF9bXEBLN/lBxNTK8VAa0qm3V2oinA6xtUIdcRh0aeRtVw==",
      "requires": {
        "@babel/runtime": "^7.4.4",
        "@material-ui/utils": "^4.10.2",
        "clsx": "^1.0.4",
        "prop-types": "^15.7.2",
        "react-is": "^16.8.0"
      }
    },
    "@material-ui/styles": {
      "version": "4.10.0",
      "resolved": "https://registry.npmjs.org/@material-ui/styles/-/styles-4.10.0.tgz",
      "integrity": "sha512-XPwiVTpd3rlnbfrgtEJ1eJJdFCXZkHxy8TrdieaTvwxNYj42VnnCyFzxYeNW9Lhj4V1oD8YtQ6S5Gie7bZDf7Q==",
      "requires": {
        "@babel/runtime": "^7.4.4",
        "@emotion/hash": "^0.8.0",
        "@material-ui/types": "^5.1.0",
        "@material-ui/utils": "^4.9.6",
        "clsx": "^1.0.4",
        "csstype": "^2.5.2",
        "hoist-non-react-statics": "^3.3.2",
        "jss": "^10.0.3",
        "jss-plugin-camel-case": "^10.0.3",
        "jss-plugin-default-unit": "^10.0.3",
        "jss-plugin-global": "^10.0.3",
        "jss-plugin-nested": "^10.0.3",
        "jss-plugin-props-sort": "^10.0.3",
        "jss-plugin-rule-value-function": "^10.0.3",
        "jss-plugin-vendor-prefixer": "^10.0.3",
        "prop-types": "^15.7.2"
      }
    },
    "@material-ui/system": {
      "version": "4.9.14",
      "resolved": "https://registry.npmjs.org/@material-ui/system/-/system-4.9.14.tgz",
      "integrity": "sha512-oQbaqfSnNlEkXEziDcJDDIy8pbvwUmZXWNqlmIwDqr/ZdCK8FuV3f4nxikUh7hvClKV2gnQ9djh5CZFTHkZj3w==",
      "requires": {
        "@babel/runtime": "^7.4.4",
        "@material-ui/utils": "^4.9.6",
        "csstype": "^2.5.2",
        "prop-types": "^15.7.2"
      }
    },
    "@material-ui/types": {
      "version": "5.1.0",
      "resolved": "https://registry.npmjs.org/@material-ui/types/-/types-5.1.0.tgz",
      "integrity": "sha512-7cqRjrY50b8QzRSYyhSpx4WRw2YuO0KKIGQEVk5J8uoz2BanawykgZGoWEqKm7pVIbzFDN0SpPcVV4IhOFkl8A=="
    },
    "@material-ui/utils": {
      "version": "4.10.2",
      "resolved": "https://registry.npmjs.org/@material-ui/utils/-/utils-4.10.2.tgz",
      "integrity": "sha512-eg29v74P7W5r6a4tWWDAAfZldXIzfyO1am2fIsC39hdUUHm/33k6pGOKPbgDjg/U/4ifmgAePy/1OjkKN6rFRw==",
      "requires": {
        "@babel/runtime": "^7.4.4",
        "prop-types": "^15.7.2",
        "react-is": "^16.8.0"
      }
    },
    "@popperjs/core": {
      "version": "2.4.4",
      "resolved": "https://registry.npmjs.org/@popperjs/core/-/core-2.4.4.tgz",
      "integrity": "sha512-1oO6+dN5kdIA3sKPZhRGJTfGVP4SWV6KqlMOwry4J3HfyD68sl/3KmG7DeYUzvN+RbhXDnv/D8vNNB8168tAMg=="
    },
    "@restart/context": {
      "version": "2.1.4",
      "resolved": "https://registry.npmjs.org/@restart/context/-/context-2.1.4.tgz",
      "integrity": "sha512-INJYZQJP7g+IoDUh/475NlGiTeMfwTXUEr3tmRneckHIxNolGOW9CTq83S8cxq0CgJwwcMzMJFchxvlwe7Rk8Q=="
    },
    "@restart/hooks": {
      "version": "0.3.25",
      "resolved": "https://registry.npmjs.org/@restart/hooks/-/hooks-0.3.25.tgz",
      "integrity": "sha512-m2v3N5pxTsIiSH74/sb1yW8D9RxkJidGW+5Mfwn/lHb2QzhZNlaU1su7abSyT9EGf0xS/0waLjrf7/XxQHUk7w==",
      "requires": {
        "lodash": "^4.17.15",
        "lodash-es": "^4.17.15"
      }
    },
    "@types/classnames": {
      "version": "2.2.10",
      "resolved": "https://registry.npmjs.org/@types/classnames/-/classnames-2.2.10.tgz",
      "integrity": "sha512-1UzDldn9GfYYEsWWnn/P4wkTlkZDH7lDb0wBMGbtIQc9zXEQq7FlKBdZUn6OBqD8sKZZ2RQO2mAjGpXiDGoRmQ=="
    },
    "@types/invariant": {
      "version": "2.2.33",
      "resolved": "https://registry.npmjs.org/@types/invariant/-/invariant-2.2.33.tgz",
      "integrity": "sha512-/jUNmS8d4bCKdqslfxW6dg/9Gksfzxz67IYfqApHn+HvHlMVXwYv2zpTDnS/yaK9BB0i0GlBTaYci0EFE62Hmw=="
    },
    "@types/prop-types": {
      "version": "15.7.3",
      "resolved": "https://registry.npmjs.org/@types/prop-types/-/prop-types-15.7.3.tgz",
      "integrity": "sha512-KfRL3PuHmqQLOG+2tGpRO26Ctg+Cq1E01D2DMriKEATHgWLfeNDmq9e29Q9WIky0dQ3NPkd1mzYH8Lm936Z9qw=="
    },
    "@types/react": {
      "version": "16.9.45",
      "resolved": "https://registry.npmjs.org/@types/react/-/react-16.9.45.tgz",
      "integrity": "sha512-vv950slTF5UZ5eDOf13b8qC1SD4rTvkqg3HfaUKzr17U97oeJZAa+dUaIHn0QoOJflNTIt6Pem9MmapULs9dkA==",
      "requires": {
        "@types/prop-types": "*",
        "csstype": "^3.0.2"
      },
      "dependencies": {
        "csstype": {
          "version": "3.0.2",
          "resolved": "https://registry.npmjs.org/csstype/-/csstype-3.0.2.tgz",
          "integrity": "sha512-ofovWglpqoqbfLNOTBNZLSbMuGrblAf1efvvArGKOZMBrIoJeu5UsAipQolkijtyQx5MtAzT/J9IHj/CEY1mJw=="
        }
      }
    },
    "@types/react-transition-group": {
      "version": "4.4.0",
      "resolved": "https://registry.npmjs.org/@types/react-transition-group/-/react-transition-group-4.4.0.tgz",
      "integrity": "sha512-/QfLHGpu+2fQOqQaXh8MG9q03bFENooTb/it4jr5kKaZlDQfWvjqWZg48AwzPVMBHlRuTRAY7hRHCEOXz5kV6w==",
      "requires": {
        "@types/react": "*"
      }
    },
    "@types/warning": {
      "version": "3.0.0",
      "resolved": "https://registry.npmjs.org/@types/warning/-/warning-3.0.0.tgz",
      "integrity": "sha1-DSUBJorY+ZYrdA04fEZU9fjiPlI="
    },
    "auto-bind": {
      "version": "2.1.1",
      "resolved": "https://registry.npmjs.org/auto-bind/-/auto-bind-2.1.1.tgz",
      "integrity": "sha512-NUwV1i9D3vxxY1KnfZgSZ716d6ovY7o8LfOwLhGIPFBowIb6Ln6DBW64+jCqPzUznel2hRSkQnYQqvh7/ldw8A==",
      "requires": {
        "@types/react": "^16.8.12"
      }
    },
    "bootstrap": {
      "version": "4.5.2",
      "resolved": "https://registry.npmjs.org/bootstrap/-/bootstrap-4.5.2.tgz",
      "integrity": "sha512-vlGn0bcySYl/iV+BGA544JkkZP5LB3jsmkeKLFQakCOwCM3AOk7VkldBz4jrzSe+Z0Ezn99NVXa1o45cQY4R6A=="
    },
    "classnames": {
      "version": "2.2.6",
      "resolved": "https://registry.npmjs.org/classnames/-/classnames-2.2.6.tgz",
      "integrity": "sha512-JR/iSQOSt+LQIWwrwEzJ9uk0xfN3mTVYMwt1Ir5mUcSN6pU+V4zQFFaJsclJbPuAUQH+yfWef6tm7l1quW3C8Q=="
    },
    "clsx": {
      "version": "1.1.1",
      "resolved": "https://registry.npmjs.org/clsx/-/clsx-1.1.1.tgz",
      "integrity": "sha512-6/bPho624p3S2pMyvP5kKBPXnI3ufHLObBFCfgx+LkeR5lg2XYy2hqZqUf45ypD8COn2bhgGJSUE+l5dhNBieA=="
    },
    "css-vendor": {
      "version": "2.0.8",
      "resolved": "https://registry.npmjs.org/css-vendor/-/css-vendor-2.0.8.tgz",
      "integrity": "sha512-x9Aq0XTInxrkuFeHKbYC7zWY8ai7qJ04Kxd9MnvbC1uO5DagxoHQjm4JvG+vCdXOoFtCjbL2XSZfxmoYa9uQVQ==",
      "requires": {
        "@babel/runtime": "^7.8.3",
        "is-in-browser": "^1.0.2"
      }
    },
    "csstype": {
      "version": "2.6.13",
      "resolved": "https://registry.npmjs.org/csstype/-/csstype-2.6.13.tgz",
      "integrity": "sha512-ul26pfSQTZW8dcOnD2iiJssfXw0gdNVX9IJDH/X3K5DGPfj+fUYe3kB+swUY6BF3oZDxaID3AJt+9/ojSAE05A=="
    },
    "dom-helpers": {
      "version": "5.2.0",
      "resolved": "https://registry.npmjs.org/dom-helpers/-/dom-helpers-5.2.0.tgz",
      "integrity": "sha512-Ru5o9+V8CpunKnz5LGgWXkmrH/20cGKwcHwS4m73zIvs54CN9epEmT/HLqFJW3kXpakAFkEdzgy1hzlJe3E4OQ==",
      "requires": {
        "@babel/runtime": "^7.8.7",
        "csstype": "^3.0.2"
      },
      "dependencies": {
        "csstype": {
          "version": "3.0.2",
          "resolved": "https://registry.npmjs.org/csstype/-/csstype-3.0.2.tgz",
          "integrity": "sha512-ofovWglpqoqbfLNOTBNZLSbMuGrblAf1efvvArGKOZMBrIoJeu5UsAipQolkijtyQx5MtAzT/J9IHj/CEY1mJw=="
        }
      }
    },
    "enquire.js": {
      "version": "2.1.6",
      "resolved": "https://registry.npmjs.org/enquire.js/-/enquire.js-2.1.6.tgz",
      "integrity": "sha1-PoeAybi4NQhMP2DhZtvDwqPImBQ="
    },
    "history": {
      "version": "4.10.1",
      "resolved": "https://registry.npmjs.org/history/-/history-4.10.1.tgz",
      "integrity": "sha512-36nwAD620w12kuzPAsyINPWJqlNbij+hpK1k9XRloDtym8mxzGYl2c17LnV6IAGB2Dmg4tEa7G7DlawS0+qjew==",
      "requires": {
        "@babel/runtime": "^7.1.2",
        "loose-envify": "^1.2.0",
        "resolve-pathname": "^3.0.0",
        "tiny-invariant": "^1.0.2",
        "tiny-warning": "^1.0.0",
        "value-equal": "^1.0.1"
      }
    },
    "hoist-non-react-statics": {
      "version": "3.3.2",
      "resolved": "https://registry.npmjs.org/hoist-non-react-statics/-/hoist-non-react-statics-3.3.2.tgz",
      "integrity": "sha512-/gGivxi8JPKWNm/W0jSmzcMPpfpPLc3dY/6GxhX2hQ9iGj3aDfklV4ET7NjKpSinLpJ5vafa9iiGIEZg10SfBw==",
      "requires": {
        "react-is": "^16.7.0"
      }
    },
    "hyphenate-style-name": {
      "version": "1.0.4",
      "resolved": "https://registry.npmjs.org/hyphenate-style-name/-/hyphenate-style-name-1.0.4.tgz",
      "integrity": "sha512-ygGZLjmXfPHj+ZWh6LwbC37l43MhfztxetbFCoYTM2VjkIUpeHgSNn7QIyVFj7YQ1Wl9Cbw5sholVJPzWvC2MQ=="
    },
    "invariant": {
      "version": "2.2.4",
      "resolved": "https://registry.npmjs.org/invariant/-/invariant-2.2.4.tgz",
      "integrity": "sha512-phJfQVBuaJM5raOpJjSfkiD6BpbCE4Ns//LaXl6wGYtUBY83nWS6Rf9tXm2e8VaK60JEjYldbPif/A2B1C2gNA==",
      "requires": {
        "loose-envify": "^1.0.0"
      }
    },
    "is-in-browser": {
      "version": "1.1.3",
      "resolved": "https://registry.npmjs.org/is-in-browser/-/is-in-browser-1.1.3.tgz",
      "integrity": "sha1-Vv9NtoOgeMYILrldrX3GLh0E+DU="
    },
    "isarray": {
      "version": "0.0.1",
      "resolved": "https://registry.npmjs.org/isarray/-/isarray-0.0.1.tgz",
      "integrity": "sha1-ihis/Kmo9Bd+Cav8YDiTmwXR7t8="
    },
    "js-tokens": {
      "version": "4.0.0",
      "resolved": "https://registry.npmjs.org/js-tokens/-/js-tokens-4.0.0.tgz",
      "integrity": "sha512-RdJUflcE3cUzKiMqQgsCu06FPu9UdIJO0beYbPhHN4k6apgJtifcoCtT9bcxOpYBtpD2kCM6Sbzg4CausW/PKQ=="
    },
    "json2mq": {
      "version": "0.2.0",
      "resolved": "https://registry.npmjs.org/json2mq/-/json2mq-0.2.0.tgz",
      "integrity": "sha1-tje9O6nqvhIsg+lyBIOusQ0skEo=",
      "requires": {
        "string-convert": "^0.2.0"
      }
    },
    "jss": {
      "version": "10.3.0",
      "resolved": "https://registry.npmjs.org/jss/-/jss-10.3.0.tgz",
      "integrity": "sha512-B5sTRW9B6uHaUVzSo9YiMEOEp3UX8lWevU0Fsv+xtRnsShmgCfIYX44bTH8bPJe6LQKqEXku3ulKuHLbxBS97Q==",
      "requires": {
        "@babel/runtime": "^7.3.1",
        "csstype": "^2.6.5",
        "is-in-browser": "^1.1.3",
        "tiny-warning": "^1.0.2"
      }
    },
    "jss-plugin-camel-case": {
      "version": "10.3.0",
      "resolved": "https://registry.npmjs.org/jss-plugin-camel-case/-/jss-plugin-camel-case-10.3.0.tgz",
      "integrity": "sha512-tadWRi/SLWqLK3EUZEdDNJL71F3ST93Zrl9JYMjV0QDqKPAl0Liue81q7m/nFUpnSTXczbKDy4wq8rI8o7WFqA==",
      "requires": {
        "@babel/runtime": "^7.3.1",
        "hyphenate-style-name": "^1.0.3",
        "jss": "^10.3.0"
      }
    },
    "jss-plugin-default-unit": {
      "version": "10.3.0",
      "resolved": "https://registry.npmjs.org/jss-plugin-default-unit/-/jss-plugin-default-unit-10.3.0.tgz",
      "integrity": "sha512-tT5KkIXAsZOSS9WDSe8m8lEHIjoEOj4Pr0WrG0WZZsMXZ1mVLFCSsD2jdWarQWDaRNyMj/I4d7czRRObhOxSuw==",
      "requires": {
        "@babel/runtime": "^7.3.1",
        "jss": "^10.3.0"
      }
    },
    "jss-plugin-global": {
      "version": "10.3.0",
      "resolved": "https://registry.npmjs.org/jss-plugin-global/-/jss-plugin-global-10.3.0.tgz",
      "integrity": "sha512-etYTG/y3qIR/vxZnKY+J3wXwObyBDNhBiB3l/EW9/pE3WHE//BZdK8LFvQcrCO48sZW1Z6paHo6klxUPP7WbzA==",
      "requires": {
        "@babel/runtime": "^7.3.1",
        "jss": "^10.3.0"
      }
    },
    "jss-plugin-nested": {
      "version": "10.3.0",
      "resolved": "https://registry.npmjs.org/jss-plugin-nested/-/jss-plugin-nested-10.3.0.tgz",
      "integrity": "sha512-qWiEkoXNEkkZ+FZrWmUGpf+zBsnEOmKXhkjNX85/ZfWhH9dfGxUCKuJFuOWFM+rjQfxV4csfesq4hY0jk8Qt0w==",
      "requires": {
        "@babel/runtime": "^7.3.1",
        "jss": "^10.3.0",
        "tiny-warning": "^1.0.2"
      }
    },
    "jss-plugin-props-sort": {
      "version": "10.3.0",
      "resolved": "https://registry.npmjs.org/jss-plugin-props-sort/-/jss-plugin-props-sort-10.3.0.tgz",
      "integrity": "sha512-boetORqL/lfd7BWeFD3K+IyPqyIC+l3CRrdZr+NPq7Noqp+xyg/0MR7QisgzpxCEulk+j2CRcEUoZsvgPC4nTg==",
      "requires": {
        "@babel/runtime": "^7.3.1",
        "jss": "^10.3.0"
      }
    },
    "jss-plugin-rule-value-function": {
      "version": "10.3.0",
      "resolved": "https://registry.npmjs.org/jss-plugin-rule-value-function/-/jss-plugin-rule-value-function-10.3.0.tgz",
      "integrity": "sha512-7WiMrKIHH3rwxTuJki9+7nY11r1UXqaUZRhHvqTD4/ZE+SVhvtD5Tx21ivNxotwUSleucA/8boX+NF21oXzr5Q==",
      "requires": {
        "@babel/runtime": "^7.3.1",
        "jss": "^10.3.0",
        "tiny-warning": "^1.0.2"
      }
    },
    "jss-plugin-vendor-prefixer": {
      "version": "10.3.0",
      "resolved": "https://registry.npmjs.org/jss-plugin-vendor-prefixer/-/jss-plugin-vendor-prefixer-10.3.0.tgz",
      "integrity": "sha512-sZQbrcZyP5V0ADjCLwUA1spVWoaZvM7XZ+2fSeieZFBj31cRsnV7X70FFDerMHeiHAXKWzYek+67nMDjhrZAVQ==",
      "requires": {
        "@babel/runtime": "^7.3.1",
        "css-vendor": "^2.0.8",
        "jss": "^10.3.0"
      }
    },
    "keycode": {
      "version": "2.2.0",
      "resolved": "https://registry.npmjs.org/keycode/-/keycode-2.2.0.tgz",
      "integrity": "sha1-PQr1bce4uOXLqNCpfxByBO7CKwQ="
    },
    "lodash": {
      "version": "4.17.19",
      "resolved": "https://registry.npmjs.org/lodash/-/lodash-4.17.19.tgz",
      "integrity": "sha512-JNvd8XER9GQX0v2qJgsaN/mzFCNA5BRe/j8JN9d+tWyGLSodKQHKFicdwNYzWwI3wjRnaKPsGj1XkBjx/F96DQ=="
    },
    "lodash-es": {
      "version": "4.17.15",
      "resolved": "https://registry.npmjs.org/lodash-es/-/lodash-es-4.17.15.tgz",
      "integrity": "sha512-rlrc3yU3+JNOpZ9zj5pQtxnx2THmvRykwL4Xlxoa8I9lHBlVbbyPhgyPMioxVZ4NqyxaVVtaJnzsyOidQIhyyQ=="
    },
    "lodash.debounce": {
      "version": "4.0.8",
      "resolved": "https://registry.npmjs.org/lodash.debounce/-/lodash.debounce-4.0.8.tgz",
      "integrity": "sha1-gteb/zCmfEAF/9XiUVMArZyk168="
    },
    "loose-envify": {
      "version": "1.4.0",
      "resolved": "https://registry.npmjs.org/loose-envify/-/loose-envify-1.4.0.tgz",
      "integrity": "sha512-lyuxPGr/Wfhrlem2CL/UcnUc1zcqKAImBDzukY7Y5F/yQiNdko6+fRLevlw1HgMySw7f611UIY408EtxRSoK3Q==",
      "requires": {
        "js-tokens": "^3.0.0 || ^4.0.0"
      }
    },
    "material-auto-rotating-carousel": {
      "version": "3.0.2",
      "resolved": "https://registry.npmjs.org/material-auto-rotating-carousel/-/material-auto-rotating-carousel-3.0.2.tgz",
      "integrity": "sha512-ql/jiV0R9xsOUVn7JNOomvgXHkVFYjmClei+jsfgpOlHXsXztqfOFl6rb0mLbBIpg4mRzTV5oNYOGAM3MvXETA==",
      "requires": {
        "classnames": "^2.2.5",
        "material-ui-dots": "^2.0.0",
        "prop-types": "^15.5.8"
      }
    },
    "material-ui-dots": {
      "version": "2.0.1",
      "resolved": "https://registry.npmjs.org/material-ui-dots/-/material-ui-dots-2.0.1.tgz",
      "integrity": "sha512-nVj7M6IMUPAHVnXQMf0otfv+zrgg0WFMgV6IvXu3/N16Tivum0cdiBw4z0UzDiiFd1fYg4j2GoTF/ej0ZFYB6Q==",
      "requires": {
        "prop-types": "^15.5.10"
      }
    },
    "mini-create-react-context": {
      "version": "0.4.0",
      "resolved": "https://registry.npmjs.org/mini-create-react-context/-/mini-create-react-context-0.4.0.tgz",
      "integrity": "sha512-b0TytUgFSbgFJGzJqXPKCFCBWigAjpjo+Fl7Vf7ZbKRDptszpppKxXH6DRXEABZ/gcEQczeb0iZ7JvL8e8jjCA==",
      "requires": {
        "@babel/runtime": "^7.5.5",
        "tiny-warning": "^1.0.3"
      }
    },
    "object-assign": {
      "version": "4.1.1",
      "resolved": "https://registry.npmjs.org/object-assign/-/object-assign-4.1.1.tgz",
      "integrity": "sha1-IQmtx5ZYh8/AXLvUQsrIv7s2CGM="
    },
    "path-to-regexp": {
      "version": "1.8.0",
      "resolved": "https://registry.npmjs.org/path-to-regexp/-/path-to-regexp-1.8.0.tgz",
      "integrity": "sha512-n43JRhlUKUAlibEJhPeir1ncUID16QnEjNpwzNdO3Lm4ywrBpBZ5oLD0I6br9evr1Y9JTqwRtAh7JLoOzAQdVA==",
      "requires": {
        "isarray": "0.0.1"
      }
    },
    "popper.js": {
      "version": "1.16.1-lts",
      "resolved": "https://registry.npmjs.org/popper.js/-/popper.js-1.16.1-lts.tgz",
      "integrity": "sha512-Kjw8nKRl1m+VrSFCoVGPph93W/qrSO7ZkqPpTf7F4bk/sqcfWK019dWBUpE/fBOsOQY1dks/Bmcbfn1heM/IsA=="
    },
    "prop-types": {
      "version": "15.7.2",
      "resolved": "https://registry.npmjs.org/prop-types/-/prop-types-15.7.2.tgz",
      "integrity": "sha512-8QQikdH7//R2vurIJSutZ1smHYTcLpRWEOlHnzcWHmBYrOGUysKwSsrC89BCiFj3CbrfJ/nXFdJepOVrY1GCHQ==",
      "requires": {
        "loose-envify": "^1.4.0",
        "object-assign": "^4.1.1",
        "react-is": "^16.8.1"
      }
    },
    "prop-types-extra": {
      "version": "1.1.1",
      "resolved": "https://registry.npmjs.org/prop-types-extra/-/prop-types-extra-1.1.1.tgz",
      "integrity": "sha512-59+AHNnHYCdiC+vMwY52WmvP5dM3QLeoumYuEyceQDi9aEhtwN9zIQ2ZNo25sMyXnbh32h+P1ezDsUpUH3JAew==",
      "requires": {
        "react-is": "^16.3.2",
        "warning": "^4.0.0"
      }
    },
    "react-bootstrap": {
      "version": "1.3.0",
      "resolved": "https://registry.npmjs.org/react-bootstrap/-/react-bootstrap-1.3.0.tgz",
      "integrity": "sha512-GYj0c6FO9mx7DaO8Xyz2zs0IcQ6CGCtM3O6/feIoCaG4N8B0+l4eqL7stlMcLpqO4d8NG2PoMO/AbUOD+MO7mg==",
      "requires": {
        "@babel/runtime": "^7.4.2",
        "@restart/context": "^2.1.4",
        "@restart/hooks": "^0.3.21",
        "@types/classnames": "^2.2.10",
        "@types/invariant": "^2.2.33",
        "@types/prop-types": "^15.7.3",
        "@types/react": "^16.9.35",
        "@types/react-transition-group": "^4.4.0",
        "@types/warning": "^3.0.0",
        "classnames": "^2.2.6",
        "dom-helpers": "^5.1.2",
        "invariant": "^2.2.4",
        "prop-types": "^15.7.2",
        "prop-types-extra": "^1.1.0",
        "react-overlays": "^4.1.0",
        "react-transition-group": "^4.4.1",
        "uncontrollable": "^7.0.0",
        "warning": "^4.0.3"
      }
    },
    "react-event-listener": {
      "version": "0.6.6",
      "resolved": "https://registry.npmjs.org/react-event-listener/-/react-event-listener-0.6.6.tgz",
      "integrity": "sha512-+hCNqfy7o9wvO6UgjqFmBzARJS7qrNoda0VqzvOuioEpoEXKutiKuv92dSz6kP7rYLmyHPyYNLesi5t/aH1gfw==",
      "requires": {
        "@babel/runtime": "^7.2.0",
        "prop-types": "^15.6.0",
        "warning": "^4.0.1"
      }
    },
    "react-is": {
      "version": "16.13.1",
      "resolved": "https://registry.npmjs.org/react-is/-/react-is-16.13.1.tgz",
      "integrity": "sha512-24e6ynE2H+OKt4kqsOvNd8kBpV65zoxbA4BVsEOB3ARVWQki/DHzaUoC5KuON/BiccDaCCTZBuOcfZs70kR8bQ=="
    },
    "react-lifecycles-compat": {
      "version": "3.0.4",
      "resolved": "https://registry.npmjs.org/react-lifecycles-compat/-/react-lifecycles-compat-3.0.4.tgz",
      "integrity": "sha512-fBASbA6LnOU9dOU2eW7aQ8xmYBSXUIWr+UmF9b1efZBazGNO+rcXT/icdKnYm2pTwcRylVUYwW7H1PHfLekVzA=="
    },
    "react-material-ui-carousel": {
      "version": "1.8.1",
      "resolved": "https://registry.npmjs.org/react-material-ui-carousel/-/react-material-ui-carousel-1.8.1.tgz",
      "integrity": "sha512-5pnweF9rmUBs3r9qqhePXD7UEd/whKWL3Y4LQ30q1CPy1AqocOfhrYIOGydKpc3QGTgx3C68kCmthcPKLDxw3Q==",
      "requires": {
        "auto-bind": "^2.1.1",
        "react-swipeable": "^5.5.1"
      }
    },
    "react-overlays": {
      "version": "4.1.0",
      "resolved": "https://registry.npmjs.org/react-overlays/-/react-overlays-4.1.0.tgz",
      "integrity": "sha512-vdRpnKe0ckWOOD9uWdqykLUPHLPndIiUV7XfEKsi5008xiyHCfL8bxsx4LbMrfnxW1LzRthLyfy50XYRFNQqqw==",
      "requires": {
        "@babel/runtime": "^7.4.5",
        "@popperjs/core": "^2.0.0",
        "@restart/hooks": "^0.3.12",
        "@types/warning": "^3.0.0",
        "dom-helpers": "^5.1.0",
        "prop-types": "^15.7.2",
        "uncontrollable": "^7.0.0",
        "warning": "^4.0.3"
      }
    },
    "react-router": {
      "version": "5.2.0",
      "resolved": "https://registry.npmjs.org/react-router/-/react-router-5.2.0.tgz",
      "integrity": "sha512-smz1DUuFHRKdcJC0jobGo8cVbhO3x50tCL4icacOlcwDOEQPq4TMqwx3sY1TP+DvtTgz4nm3thuo7A+BK2U0Dw==",
      "requires": {
        "@babel/runtime": "^7.1.2",
        "history": "^4.9.0",
        "hoist-non-react-statics": "^3.1.0",
        "loose-envify": "^1.3.1",
        "mini-create-react-context": "^0.4.0",
        "path-to-regexp": "^1.7.0",
        "prop-types": "^15.6.2",
        "react-is": "^16.6.0",
        "tiny-invariant": "^1.0.2",
        "tiny-warning": "^1.0.0"
      }
    },
    "react-router-dom": {
      "version": "5.2.0",
      "resolved": "https://registry.npmjs.org/react-router-dom/-/react-router-dom-5.2.0.tgz",
      "integrity": "sha512-gxAmfylo2QUjcwxI63RhQ5G85Qqt4voZpUXSEqCwykV0baaOTQDR1f0PmY8AELqIyVc0NEZUj0Gov5lNGcXgsA==",
      "requires": {
        "@babel/runtime": "^7.1.2",
        "history": "^4.9.0",
        "loose-envify": "^1.3.1",
        "prop-types": "^15.6.2",
        "react-router": "5.2.0",
        "tiny-invariant": "^1.0.2",
        "tiny-warning": "^1.0.0"
      }
    },
    "react-slick": {
      "version": "0.27.5",
      "resolved": "https://registry.npmjs.org/react-slick/-/react-slick-0.27.5.tgz",
      "integrity": "sha512-5JWCFSE2fL2tjWLar2hOe+I1JHQ9ECva5Y1YR4bn4rgBDSIPxMHgUS/NSkHX2Miic6KfElUxVYfRCaHrwOeVmg==",
      "requires": {
        "classnames": "^2.2.5",
        "enquire.js": "^2.1.6",
        "json2mq": "^0.2.0",
        "lodash.debounce": "^4.0.8",
        "resize-observer-polyfill": "^1.5.0"
      }
    },
    "react-swipeable": {
      "version": "5.5.1",
      "resolved": "https://registry.npmjs.org/react-swipeable/-/react-swipeable-5.5.1.tgz",
      "integrity": "sha512-EQObuU3Qg3JdX3WxOn5reZvOSCpU4fwpUAs+NlXSN3y+qtsO2r8VGkVnOQzmByt3BSYj9EWYdUOUfi7vaMdZZw==",
      "requires": {
        "prop-types": "^15.6.2"
      }
    },
    "react-swipeable-views": {
      "version": "0.13.9",
      "resolved": "https://registry.npmjs.org/react-swipeable-views/-/react-swipeable-views-0.13.9.tgz",
      "integrity": "sha512-WXC2FKYvZ9QdJ31v9LjEJEl1bA7E4AcaloTkbW0uU0dYf5uvv4aOpiyxubvOkVl1a5L2UAHmKSif4TmJ9usrSg==",
      "requires": {
        "@babel/runtime": "7.0.0",
        "prop-types": "^15.5.4",
        "react-swipeable-views-core": "^0.13.7",
        "react-swipeable-views-utils": "^0.13.9",
        "warning": "^4.0.1"
      },
      "dependencies": {
        "@babel/runtime": {
          "version": "7.0.0",
          "resolved": "https://registry.npmjs.org/@babel/runtime/-/runtime-7.0.0.tgz",
          "integrity": "sha512-7hGhzlcmg01CvH1EHdSPVXYX1aJ8KCEyz6I9xYIi/asDtzBPMyMhVibhM/K6g/5qnKBwjZtp10bNZIEFTRW1MA==",
          "requires": {
            "regenerator-runtime": "^0.12.0"
          }
        },
        "regenerator-runtime": {
          "version": "0.12.1",
          "resolved": "https://registry.npmjs.org/regenerator-runtime/-/regenerator-runtime-0.12.1.tgz",
          "integrity": "sha512-odxIc1/vDlo4iZcfXqRYFj0vpXFNoGdKMAUieAlFYO6m/nl5e9KR/beGf41z4a1FI+aQgtjhuaSlDxQ0hmkrHg=="
        }
      }
    },
    "react-swipeable-views-core": {
      "version": "0.13.7",
      "resolved": "https://registry.npmjs.org/react-swipeable-views-core/-/react-swipeable-views-core-0.13.7.tgz",
      "integrity": "sha512-ekn9oDYfBt0oqJSGGwLEhKvn+QaqMGTy//9dURTLf+vp7W5j6GvmKryYdnwJCDITaPFI2hujXV4CH9krhvaE5w==",
      "requires": {
        "@babel/runtime": "7.0.0",
        "warning": "^4.0.1"
      },
      "dependencies": {
        "@babel/runtime": {
          "version": "7.0.0",
          "resolved": "https://registry.npmjs.org/@babel/runtime/-/runtime-7.0.0.tgz",
          "integrity": "sha512-7hGhzlcmg01CvH1EHdSPVXYX1aJ8KCEyz6I9xYIi/asDtzBPMyMhVibhM/K6g/5qnKBwjZtp10bNZIEFTRW1MA==",
          "requires": {
            "regenerator-runtime": "^0.12.0"
          }
        },
        "regenerator-runtime": {
          "version": "0.12.1",
          "resolved": "https://registry.npmjs.org/regenerator-runtime/-/regenerator-runtime-0.12.1.tgz",
          "integrity": "sha512-odxIc1/vDlo4iZcfXqRYFj0vpXFNoGdKMAUieAlFYO6m/nl5e9KR/beGf41z4a1FI+aQgtjhuaSlDxQ0hmkrHg=="
        }
      }
    },
    "react-swipeable-views-utils": {
      "version": "0.13.9",
      "resolved": "https://registry.npmjs.org/react-swipeable-views-utils/-/react-swipeable-views-utils-0.13.9.tgz",
      "integrity": "sha512-QLGxRKrbJCbWz94vkWLzb1Daaa2Y/TZKmsNKQ6WSNrS+chrlfZ3z9tqZ7YUJlW6pRWp3QZdLSY3UE3cN0TXXmw==",
      "requires": {
        "@babel/runtime": "7.0.0",
        "keycode": "^2.1.7",
        "prop-types": "^15.6.0",
        "react-event-listener": "^0.6.0",
        "react-swipeable-views-core": "^0.13.7",
        "shallow-equal": "^1.2.1"
      },
      "dependencies": {
        "@babel/runtime": {
          "version": "7.0.0",
          "resolved": "https://registry.npmjs.org/@babel/runtime/-/runtime-7.0.0.tgz",
          "integrity": "sha512-7hGhzlcmg01CvH1EHdSPVXYX1aJ8KCEyz6I9xYIi/asDtzBPMyMhVibhM/K6g/5qnKBwjZtp10bNZIEFTRW1MA==",
          "requires": {
            "regenerator-runtime": "^0.12.0"
          }
        },
        "regenerator-runtime": {
          "version": "0.12.1",
          "resolved": "https://registry.npmjs.org/regenerator-runtime/-/regenerator-runtime-0.12.1.tgz",
          "integrity": "sha512-odxIc1/vDlo4iZcfXqRYFj0vpXFNoGdKMAUieAlFYO6m/nl5e9KR/beGf41z4a1FI+aQgtjhuaSlDxQ0hmkrHg=="
        }
      }
    },
    "react-transition-group": {
      "version": "4.4.1",
      "resolved": "https://registry.npmjs.org/react-transition-group/-/react-transition-group-4.4.1.tgz",
      "integrity": "sha512-Djqr7OQ2aPUiYurhPalTrVy9ddmFCCzwhqQmtN+J3+3DzLO209Fdr70QrN8Z3DsglWql6iY1lDWAfpFiBtuKGw==",
      "requires": {
        "@babel/runtime": "^7.5.5",
        "dom-helpers": "^5.0.1",
        "loose-envify": "^1.4.0",
        "prop-types": "^15.6.2"
      }
    },
    "regenerator-runtime": {
      "version": "0.13.7",
      "resolved": "https://registry.npmjs.org/regenerator-runtime/-/regenerator-runtime-0.13.7.tgz",
      "integrity": "sha512-a54FxoJDIr27pgf7IgeQGxmqUNYrcV338lf/6gH456HZ/PhX+5BcwHXG9ajESmwe6WRO0tAzRUrRmNONWgkrew=="
    },
    "resize-observer-polyfill": {
      "version": "1.5.1",
      "resolved": "https://registry.npmjs.org/resize-observer-polyfill/-/resize-observer-polyfill-1.5.1.tgz",
      "integrity": "sha512-LwZrotdHOo12nQuZlHEmtuXdqGoOD0OhaxopaNFxWzInpEgaLWoVuAMbTzixuosCx2nEG58ngzW3vxdWoxIgdg=="
    },
    "resolve-pathname": {
      "version": "3.0.0",
      "resolved": "https://registry.npmjs.org/resolve-pathname/-/resolve-pathname-3.0.0.tgz",
      "integrity": "sha512-C7rARubxI8bXFNB/hqcp/4iUeIXJhJZvFPFPiSPRnhU5UPxzMFIl+2E6yY6c4k9giDJAhtV+enfA+G89N6Csng=="
    },
    "shallow-equal": {
      "version": "1.2.1",
      "resolved": "https://registry.npmjs.org/shallow-equal/-/shallow-equal-1.2.1.tgz",
      "integrity": "sha512-S4vJDjHHMBaiZuT9NPb616CSmLf618jawtv3sufLl6ivK8WocjAo58cXwbRV1cgqxH0Qbv+iUt6m05eqEa2IRA=="
    },
    "slick-carousel": {
      "version": "1.8.1",
      "resolved": "https://registry.npmjs.org/slick-carousel/-/slick-carousel-1.8.1.tgz",
      "integrity": "sha512-XB9Ftrf2EEKfzoQXt3Nitrt/IPbT+f1fgqBdoxO3W/+JYvtEOW6EgxnWfr9GH6nmULv7Y2tPmEX3koxThVmebA=="
    },
    "string-convert": {
      "version": "0.2.1",
      "resolved": "https://registry.npmjs.org/string-convert/-/string-convert-0.2.1.tgz",
      "integrity": "sha1-aYLMMEn7tM2F+LJFaLnZvznu/5c="
    },
    "tiny-invariant": {
      "version": "1.1.0",
      "resolved": "https://registry.npmjs.org/tiny-invariant/-/tiny-invariant-1.1.0.tgz",
      "integrity": "sha512-ytxQvrb1cPc9WBEI/HSeYYoGD0kWnGEOR8RY6KomWLBVhqz0RgTwVO9dLrGz7dC+nN9llyI7OKAgRq8Vq4ZBSw=="
    },
    "tiny-warning": {
      "version": "1.0.3",
      "resolved": "https://registry.npmjs.org/tiny-warning/-/tiny-warning-1.0.3.tgz",
      "integrity": "sha512-lBN9zLN/oAf68o3zNXYrdCt1kP8WsiGW8Oo2ka41b2IM5JL/S1CTyX1rW0mb/zSuJun0ZUrDxx4sqvYS2FWzPA=="
    },
    "uncontrollable": {
      "version": "7.1.1",
      "resolved": "https://registry.npmjs.org/uncontrollable/-/uncontrollable-7.1.1.tgz",
      "integrity": "sha512-EcPYhot3uWTS3w00R32R2+vS8Vr53tttrvMj/yA1uYRhf8hbTG2GyugGqWDY0qIskxn0uTTojVd6wPYW9ZEf8Q==",
      "requires": {
        "@babel/runtime": "^7.6.3",
        "@types/react": "^16.9.11",
        "invariant": "^2.2.4",
        "react-lifecycles-compat": "^3.0.4"
      }
    },
    "value-equal": {
      "version": "1.0.1",
      "resolved": "https://registry.npmjs.org/value-equal/-/value-equal-1.0.1.tgz",
      "integrity": "sha512-NOJ6JZCAWr0zlxZt+xqCHNTEKOsrks2HQd4MqhP1qy4z1SkbEP467eNx6TgDKXMvUOb+OENfJCZwM+16n7fRfw=="
    },
    "warning": {
      "version": "4.0.3",
      "resolved": "https://registry.npmjs.org/warning/-/warning-4.0.3.tgz",
      "integrity": "sha512-rpJyN222KWIvHJ/F53XSZv0Zl/accqHR8et1kpaMTD/fLCRxtV8iX8czMzY7sVZupTI3zcUTg8eycS2kNF9l6w==",
      "requires": {
        "loose-envify": "^1.0.0"
      }
    }
  }
}
